
Microsoft Visual Studio Solution File, Format Version 12.00
# Visual Studio 15
VisualStudioVersion = 15.0.27004.2008
MinimumVisualStudioVersion = 10.0.40219.1
Project("{9A19103F-16F7-4668-BE54-9A1E7A4F7556}") = "GolbEngine", "GolbEngine\GolbEngine.csproj", "{45FC3727-36A3-4D3A-967D-196A83FD613E}"
EndProject
Project("{9A19103F-16F7-4668-BE54-9A1E7A4F7556}") = "GolbEngine.Application", "GolbEngine.Application\GolbEngine.Application.csproj", "{75060F48-4942-4E53-A8E4-65E89B9372F6}"
EndProject
Project("{9A19103F-16F7-4668-BE54-9A1E7A4F7556}") = "GolbEngine.Data", "GolbEngine.Data\GolbEngine.Data.csproj", "{3E465780-836E-4D08-888D-7FA216653238}"
EndProject
Project("{9A19103F-16F7-4668-BE54-9A1E7A4F7556}") = "GolbEngine.Infrastructure", "GolbEngine.Infrastructure\GolbEngine.Infrastructure.csproj", "{63C2475D-1D96-4105-9C71-FAD62D5300E1}"
EndProject
Project("{9A19103F-16F7-4668-BE54-9A1E7A4F7556}") = "GolbEngine.Utilities", "GolbEngine.Utilities\GolbEngine.Utilities.csproj", "{44D2BA12-047B-4C64-A0C6-5904ECAD4824}"
EndProject
Global
	GlobalSection(SolutionConfigurationPlatforms) = preSolution
		Debug|Any CPU = Debug|Any CPU
		Release|Any CPU = Release|Any CPU
	EndGlobalSection
	GlobalSection(ProjectConfigurationPlatforms) = postSolution
		{45FC3727-36A3-4D3A-967D-196A83FD613E}.Debug|Any CPU.ActiveCfg = Debug|Any CPU
		{45FC3727-36A3-4D3A-967D-196A83FD613E}.Debug|Any CPU.Build.0 = Debug|Any CPU
		{45FC3727-36A3-4D3A-967D-196A83FD613E}.Release|Any CPU.ActiveCfg = Release|Any CPU
		{45FC3727-36A3-4D3A-967D-196A83FD613E}.Release|Any CPU.Build.0 = Release|Any CPU
		{75060F48-4942-4E53-A8E4-65E89B9372F6}.Debug|Any CPU.ActiveCfg = Debug|Any CPU
		{75060F48-4942-4E53-A8E4-65E89B9372F6}.Debug|Any CPU.Build.0 = Debug|Any CPU
		{75060F48-4942-4E53-A8E4-65E89B9372F6}.Release|Any CPU.ActiveCfg = Release|Any CPU
		{75060F48-4942-4E53-A8E4-65E89B9372F6}.Release|Any CPU.Build.0 = Release|Any CPU
		{3E465780-836E-4D08-888D-7FA216653238}.Debug|Any CPU.ActiveCfg = Debug|Any CPU
		{3E465780-836E-4D08-888D-7FA216653238}.Debug|Any CPU.Build.0 = Debug|Any CPU
		{3E465780-836E-4D08-888D-7FA216653238}.Release|Any CPU.ActiveCfg = Release|Any CPU
		{3E465780-836E-4D08-888D-7FA216653238}.Release|Any CPU.Build.0 = Release|Any CPU
		{63C2475D-1D96-4105-9C71-FAD62D5300E1}.Debug|Any CPU.ActiveCfg = Debug|Any CPU
		{63C2475D-1D96-4105-9C71-FAD62D5300E1}.Debug|Any CPU.Build.0 = Debug|Any CPU
		{63C2475D-1D96-4105-9C71-FAD62D5300E1}.Release|Any CPU.ActiveCfg = Release|Any CPU
		{63C2475D-1D96-4105-9C71-FAD62D5300E1}.Release|Any CPU.Build.0 = Release|Any CPU
		{44D2BA12-047B-4C64-A0C6-5904ECAD4824}.Debug|Any CPU.ActiveCfg = Debug|Any CPU
		{44D2BA12-047B-4C64-A0C6-5904ECAD4824}.Debug|Any CPU.Build.0 = Debug|Any CPU
		{44D2BA12-047B-4C64-A0C6-5904ECAD4824}.Release|Any CPU.ActiveCfg = Release|Any CPU
		{44D2BA12-047B-4C64-A0C6-5904ECAD4824}.Release|Any CPU.Build.0 = Release|Any CPU
	EndGlobalSection
	GlobalSection(SolutionProperties) = preSolution
		HideSolutionNode = FALSE
	EndGlobalSection
	GlobalSection(ExtensibilityGlobals) = postSolution
		SolutionGuid = {3BF6B0E5-6F6B-41F5-8275-08F57A648346}
	EndGlobalSection
EndGlobal
